// !$*UTF8*$!
{
	archiveVersion = 1;
	classes = {
	};
	objectVersion = 46;
	objects = {

/* Begin PBXBuildFile section */
		3DEE30A81B2413FA00E57DE0 /* AppDelegate.swift in Sources */ = {isa = PBXBuildFile; fileRef = 3DEE30A71B2413FA00E57DE0 /* AppDelegate.swift */; };
		3DEE30AA1B2413FA00E57DE0 /* ViewController.swift in Sources */ = {isa = PBXBuildFile; fileRef = 3DEE30A91B2413FA00E57DE0 /* ViewController.swift */; };
		3DEE30AD1B2413FB00E57DE0 /* Main.storyboard in Resources */ = {isa = PBXBuildFile; fileRef = 3DEE30AB1B2413FB00E57DE0 /* Main.storyboard */; };
		3DEE30AF1B2413FB00E57DE0 /* Images.xcassets in Resources */ = {isa = PBXBuildFile; fileRef = 3DEE30AE1B2413FB00E57DE0 /* Images.xcassets */; };
		3DEE30B21B2413FB00E57DE0 /* LaunchScreen.xib in Resources */ = {isa = PBXBuildFile; fileRef = 3DEE30B01B2413FB00E57DE0 /* LaunchScreen.xib */; };
		3DEE30BE1B2413FB00E57DE0 /* GrocerTests.swift in Sources */ = {isa = PBXBuildFile; fileRef = 3DEE30BD1B2413FB00E57DE0 /* GrocerTests.swift */; };
/* End PBXBuildFile section */

/* Begin PBXContainerItemProxy section */
		3DEE30B81B2413FB00E57DE0 /* PBXContainerItemProxy */ = {
			isa = PBXContainerItemProxy;
			containerPortal = 3DEE309A1B2413FA00E57DE0 /* Project object */;
			proxyType = 1;
			remoteGlobalIDString = 3DEE30A11B2413FA00E57DE0;
			remoteInfo = Grocer;
		};
/* End PBXContainerItemProxy section */

/* Begin PBXFileReference section */
		3DEE30A21B2413FA00E57DE0 /* Grocer.app */ = {isa = PBXFileReference; explicitFileType = wrapper.application; includeInIndex = 0; path = Grocer.app; sourceTree = BUILT_PRODUCTS_DIR; };
		3DEE30A61B2413FA00E57DE0 /* Info.plist */ = {isa = PBXFileReference; lastKnownFileType = text.plist.xml; path = Info.plist; sourceTree = "<group>"; };
		3DEE30A71B2413FA00E57DE0 /* AppDelegate.swift */ = {isa = PBXFileReference; lastKnownFileType = sourcecode.swift; path = AppDelegate.swift; sourceTree = "<group>"; };
		3DEE30A91B2413FA00E57DE0 /* ViewController.swift */ = {isa = PBXFileReference; lastKnownFileType = sourcecode.swift; path = ViewController.swift; sourceTree = "<group>"; };
		3DEE30AC1B2413FB00E57DE0 /* Base */ = {isa = PBXFileReference; lastKnownFileType = file.storyboard; name = Base; path = Base.lproj/Main.storyboard; sourceTree = "<group>"; };
		3DEE30AE1B2413FB00E57DE0 /* Images.xcassets */ = {isa = PBXFileReference; lastKnownFileType = folder.assetcatalog; path = Images.xcassets; sourceTree = "<group>"; };
		3DEE30B11B2413FB00E57DE0 /* Base */ = {isa = PBXFileReference; lastKnownFileType = file.xib; name = Base; path = Base.lproj/LaunchScreen.xib; sourceTree = "<group>"; };
		3DEE30B71B2413FB00E57DE0 /* GrocerTests.xctest */ = {isa = PBXFileReference; explicitFileType = wrapper.cfbundle; includeInIndex = 0; path = GrocerTests.xctest; sourceTree = BUILT_PRODUCTS_DIR; };
		3DEE30BC1B2413FB00E57DE0 /* Info.plist */ = {isa = PBXFileReference; lastKnownFileType = text.plist.xml; path = Info.plist; sourceTree = "<group>"; };
		3DEE30BD1B2413FB00E57DE0 /* GrocerTests.swift */ = {isa = PBXFileReference; lastKnownFileType = sourcecode.swift; path = GrocerTests.swift; sourceTree = "<group>"; };
/* End PBXFileReference section */

/* Begin PBXFrameworksBuildPhase section */
		3DEE309F1B2413FA00E57DE0 /* Frameworks */ = {
			isa = PBXFrameworksBuildPhase;
			buildActionMask = 2147483647;
			files = (
			);
			runOnlyForDeploymentPostprocessing = 0;
		};
		3DEE30B41B2413FB00E57DE0 /* Frameworks */ = {
			isa = PBXFrameworksBuildPhase;
			buildActionMask = 2147483647;
			files = (
			);
			runOnlyForDeploymentPostprocessing = 0;
		};
/* End PBXFrameworksBuildPhase section */

/* Begin PBXGroup section */
		3DEE30991B2413FA00E57DE0 = {
			isa = PBXGroup;
			children = (
				3DEE30A41B2413FA00E57DE0 /* Grocer */,
				3DEE30BA1B2413FB00E57DE0 /* GrocerTests */,
				3DEE30A31B2413FA00E57DE0 /* Products */,
			);
			sourceTree = "<group>";
		};
		3DEE30A31B2413FA00E57DE0 /* Products */ = {
			isa = PBXGroup;
			children = (
				3DEE30A21B2413FA00E57DE0 /* Grocer.app */,
				3DEE30B71B2413FB00E57DE0 /* GrocerTests.xctest */,
			);
			name = Products;
			sourceTree = "<group>";
		};
		3DEE30A41B2413FA00E57DE0 /* Grocer */ = {
			isa = PBXGroup;
			children = (
				3DEE30A71B2413FA00E57DE0 /* AppDelegate.swift */,
				3DEE30A91B2413FA00E57DE0 /* ViewController.swift */,
				3DEE30AB1B2413FB00E57DE0 /* Main.storyboard */,
				3DEE30AE1B2413FB00E57DE0 /* Images.xcassets */,
				3DEE30B01B2413FB00E57DE0 /* LaunchScreen.xib */,
				3DEE30A51B2413FA00E57DE0 /* Supporting Files */,
			);
			path = Grocer;
			sourceTree = "<group>";
		};
		3DEE30A51B2413FA00E57DE0 /* Supporting Files */ = {
			isa = PBXGroup;
			children = (
				3DEE30A61B2413FA00E57DE0 /* Info.plist */,
			);
			name = "Supporting Files";
			sourceTree = "<group>";
		};
		3DEE30BA1B2413FB00E57DE0 /* GrocerTests */ = {
			isa = PBXGroup;
			children = (
				3DEE30BD1B2413FB00E57DE0 /* GrocerTests.swift */,
				3DEE30BB1B2413FB00E57DE0 /* Supporting Files */,
			);
			path = GrocerTests;
			sourceTree = "<group>";
		};
		3DEE30BB1B2413FB00E57DE0 /* Supporting Files */ = {
			isa = PBXGroup;
			children = (
				3DEE30BC1B2413FB00E57DE0 /* Info.plist */,
			);
			name = "Supporting Files";
			sourceTree = "<group>";
		};
/* End PBXGroup section */

/* Begin PBXNativeTarget section */
		3DEE30A11B2413FA00E57DE0 /* Grocer */ = {
			isa = PBXNativeTarget;
			buildConfigurationList = 3DEE30C11B2413FB00E57DE0 /* Build configuration list for PBXNativeTarget "Grocer" */;
			buildPhases = (
				3DEE309E1B2413FA00E57DE0 /* Sources */,
				3DEE309F1B2413FA00E57DE0 /* Frameworks */,
				3DEE30A01B2413FA00E57DE0 /* Resources */,
			);
			buildRules = (
			);
			dependencies = (
			);
			name = Grocer;
			productName = Grocer;
			productReference = 3DEE30A21B2413FA00E57DE0 /* Grocer.app */;
			productType = "com.apple.product-type.application";
		};
		3DEE30B61B2413FB00E57DE0 /* GrocerTests */ = {
			isa = PBXNativeTarget;
			buildConfigurationList = 3DEE30C41B2413FB00E57DE0 /* Build configuration list for PBXNativeTarget "GrocerTests" */;
			buildPhases = (
				3DEE30B31B2413FB00E57DE0 /* Sources */,
				3DEE30B41B2413FB00E57DE0 /* Frameworks */,
				3DEE30B51B2413FB00E57DE0 /* Resources */,
			);
			buildRules = (
			);
			dependencies = (
				3DEE30B91B2413FB00E57DE0 /* PBXTargetDependency */,
			);
			name = GrocerTests;
			productName = GrocerTests;
			productReference = 3DEE30B71B2413FB00E57DE0 /* GrocerTests.xctest */;
			productType = "com.apple.product-type.bundle.unit-test";
		};
/* End PBXNativeTarget section */

/* Begin PBXProject section */
		3DEE309A1B2413FA00E57DE0 /* Project object */ = {
			isa = PBXProject;
			attributes = {
				LastUpgradeCheck = 0630;
				ORGANIZATIONNAME = "Marcus J. Ellison";
				TargetAttributes = {
					3DEE30A11B2413FA00E57DE0 = {
						CreatedOnToolsVersion = 6.3.2;
					};
					3DEE30B61B2413FB00E57DE0 = {
						CreatedOnToolsVersion = 6.3.2;
						TestTargetID = 3DEE30A11B2413FA00E57DE0;
					};
				};
			};
			buildConfigurationList = 3DEE309D1B2413FA00E57DE0 /* Build configuration list for PBXProject "Grocer" */;
			compatibilityVersion = "Xcode 3.2";
			developmentRegion = English;
			hasScannedForEncodings = 0;
			knownRegions = (
				en,
				Base,
			);
			mainGroup = 3DEE30991B2413FA00E57DE0;
			productRefGroup = 3DEE30A31B2413FA00E57DE0 /* Products */;
			projectDirPath = "";
			projectRoot = "";
			targets = (
				3DEE30A11B2413FA00E57DE0 /* Grocer */,
				3DEE30B61B2413FB00E57DE0 /* GrocerTests */,
			);
		};
/* End PBXProject section */

/* Begin PBXResourcesBuildPhase section */
		3DEE30A01B2413FA00E57DE0 /* Resources */ = {
			isa = PBXResourcesBuildPhase;
			buildActionMask = 2147483647;
			files = (
				3DEE30AD1B2413FB00E57DE0 /* Main.storyboard in Resources */,
				3DEE30B21B2413FB00E57DE0 /* LaunchScreen.xib in Resources */,
				3DEE30AF1B2413FB00E57DE0 /* Images.xcassets in Resources */,
			);
			runOnlyForDeploymentPostprocessing = 0;
		};
		3DEE30B51B2413FB00E57DE0 /* Resources */ = {
			isa = PBXResourcesBuildPhase;
			buildActionMask = 2147483647;
			files = (
			);
			runOnlyForDeploymentPostprocessing = 0;
		};
/* End PBXResourcesBuildPhase section */

/* Begin PBXSourcesBuildPhase section */
		3DEE309E1B2413FA00E57DE0 /* Sources */ = {
			isa = PBXSourcesBuildPhase;
			buildActionMask = 2147483647;
			files = (
				3DEE30AA1B2413FA00E57DE0 /* ViewController.swift in Sources */,
				3DEE30A81B2413FA00E57DE0 /* AppDelegate.swift in Sources */,
			);
			runOnlyForDeploymentPostprocessing = 0;
		};
		3DEE30B31B2413FB00E57DE0 /* Sources */ = {
			isa = PBXSourcesBuildPhase;
			buildActionMask = 2147483647;
			files = (
				3DEE30BE1B2413FB00E57DE0 /* GrocerTests.swift in Sources */,
			);
			runOnlyForDeploymentPostprocessing = 0;
		};
/* End PBXSourcesBuildPhase section */

/* Begin PBXTargetDependency section */
		3DEE30B91B2413FB00E57DE0 /* PBXTargetDependency */ = {
			isa = PBXTargetDependency;
			target = 3DEE30A11B2413FA00E57DE0 /* Grocer */;
			targetProxy = 3DEE30B81B2413FB00E57DE0 /* PBXContainerItemProxy */;
		};
/* End PBXTargetDependency section */

/* Begin PBXVariantGroup section */
		3DEE30AB1B2413FB00E57DE0 /* Main.storyboard */ = {
			isa = PBXVariantGroup;
			children = (
				3DEE30AC1B2413FB00E57DE0 /* Base */,
			);
			name = Main.storyboard;
			sourceTree = "<group>";
		};
		3DEE30B01B2413FB00E57DE0 /* LaunchScreen.xib */ = {
			isa = PBXVariantGroup;
			children = (
				3DEE30B11B2413FB00E57DE0 /* Base */,
			);
			name = LaunchScreen.xib;
			sourceTree = "<group>";
		};
/* End PBXVariantGroup section */

/* Begin XCBuildConfiguration section */
		3DEE30BF1B2413FB00E57DE0 /* Debug */ = {
			isa = XCBuildConfiguration;
			buildSettings = {
				ALWAYS_SEARCH_USER_PATHS = NO;
				CLANG_CXX_LANGUAGE_STANDARD = "gnu++0x";
				CLANG_CXX_LIBRARY = "libc++";
				CLANG_ENABLE_MODULES = YES;
				CLANG_ENABLE_OBJC_ARC = YES;
				CLANG_WARN_BOOL_CONVERSION = YES;
				CLANG_WARN_CONSTANT_CONVERSION = YES;
				CLANG_WARN_DIRECT_OBJC_ISA_USAGE = YES_ERROR;
				CLANG_WARN_EMPTY_BODY = YES;
				CLANG_WARN_ENUM_CONVERSION = YES;
				CLANG_WARN_INT_CONVERSION = YES;
				CLANG_WARN_OBJC_ROOT_CLASS = YES_ERROR;
				CLANG_WARN_UNREACHABLE_CODE = YES;
				CLANG_WARN__DUPLICATE_METHOD_MATCH = YES;
				"CODE_SIGN_IDENTITY[sdk=iphoneos*]" = "iPhone Developer";
				COPY_PHASE_STRIP = NO;
				DEBUG_INFORMATION_FORMAT = "dwarf-with-dsym";
				ENABLE_STRICT_OBJC_MSGSEND = YES;
				GCC_C_LANGUAGE_STANDARD = gnu99;
				GCC_DYNAMIC_NO_PIC = NO;
				GCC_NO_COMMON_BLOCKS = YES;
				GCC_OPTIMIZATION_LEVEL = 0;
				GCC_PREPROCESSOR_DEFINITIONS = (
					"DEBUG=1",
					"$(inherited)",
				);
				GCC_SYMBOLS_PRIVATE_EXTERN = NO;
				GCC_WARN_64_TO_32_BIT_CONVERSION = YES;
				GCC_WARN_ABOUT_RETURN_TYPE = YES_ERROR;
				GCC_WARN_UNDECLARED_SELECTOR = YES;
				GCC_WARN_UNINITIALIZED_AUTOS = YES_AGGRESSIVE;
				GCC_WARN_UNUSED_FUNCTION = YES;
				GCC_WARN_UNUSED_VARIABLE = YES;
				IPHONEOS_DEPLOYMENT_TARGET = 8.3;
				MTL_ENABLE_DEBUG_INFO = YES;
				ONLY_ACTIVE_ARCH = YES;
				SDKROOT = iphoneos;
				SWIFT_OPTIMIZATION_LEVEL = "-Onone";
			};
			name = Debug;
		};
		3DEE30C01B2413FB00E57DE0 /* Release */ = {
			isa = XCBuildConfiguration;
			buildSettings = {
				ALWAYS_SEARCH_USER_PATHS = NO;
				CLANG_CXX_LANGUAGE_STANDARD = "gnu++0x";
				CLANG_CXX_LIBRARY = "libc++";
				CLANG_ENABLE_MODULES = YES;
				CLANG_ENABLE_OBJC_ARC = YES;
				CLANG_WARN_BOOL_CONVERSION = YES;
				CLANG_WARN_CONSTANT_CONVERSION = YES;
				CLANG_WARN_DIRECT_OBJC_ISA_USAGE = YES_ERROR;
				CLANG_WARN_EMPTY_BODY = YES;
				CLANG_WARN_ENUM_CONVERSION = YES;
				CLANG_WARN_INT_CONVERSION = YES;
				CLANG_WARN_OBJC_ROOT_CLASS = YES_ERROR;
				CLANG_WARN_UNREACHABLE_CODE = YES;
				CLANG_WARN__DUPLICATE_METHOD_MATCH = YES;
				"CODE_SIGN_IDENTITY[sdk=iphoneos*]" = "iPhone Developer";
				COPY_PHASE_STRIP = NO;
				DEBUG_INFORMATION_FORMAT = "dwarf-with-dsym";
				ENABLE_NS_ASSERTIONS = NO;
				ENABLE_STRICT_OBJC_MSGSEND = YES;
				GCC_C_LANGUAGE_STANDARD = gnu99;
				GCC_NO_COMMON_BLOCKS = YES;
				GCC_WARN_64_TO_32_BIT_CONVERSION = YES;
				GCC_WARN_ABOUT_RETURN_TYPE = YES_ERROR;
				GCC_WARN_UNDECLARED_SELECTOR = YES;
				GCC_WARN_UNINITIALIZED_AUTOS = YES_AGGRESSIVE;
				GCC_WARN_UNUSED_FUNCTION = YES;
				GCC_WARN_UNUSED_VARIABLE = YES;
				IPHONEOS_DEPLOYMENT_TARGET = 8.3;
				MTL_ENABLE_DEBUG_INFO = NO;
				SDKROOT = iphoneos;
				VALIDATE_PRODUCT = YES;
			};
			name = Release;
		};
		3DEE30C21B2413FB00E57DE0 /* Debug */ = {
			isa = XCBuildConfiguration;
			buildSettings = {
				ASSETCATALOG_COMPILER_APPICON_NAME = AppIcon;
				INFOPLIST_FILE = Grocer/Info.plist;
				LD_RUNPATH_SEARCH_PATHS = "$(inherited) @executable_path/Frameworks";
				PRODUCT_NAME = "$(TARGET_NAME)";
			};
			name = Debug;
		};
		3DEE30C31B2413FB00E57DE0 /* Release */ = {
			isa = XCBuildConfiguration;
			buildSettings = {
				ASSETCATALOG_COMPILER_APPICON_NAME = AppIcon;
				INFOPLIST_FILE = Grocer/Info.plist;
				LD_RUNPATH_SEARCH_PATHS = "$(inherited) @executable_path/Frameworks";
				PRODUCT_NAME = "$(TARGET_NAME)";
			};
			name = Release;
		};
		3DEE30C51B2413FB00E57DE0 /* Debug */ = {
			isa = XCBuildConfiguration;
			buildSettings = {
				BUNDLE_LOADER = "$(TEST_HOST)";
				FRAMEWORK_SEARCH_PATHS = (
					"$(SDKROOT)/Developer/Library/Frameworks",
					"$(inherited)",
				);
				GCC_PREPROCESSOR_DEFINITIONS = (
					"DEBUG=1",
					"$(inherited)",
				);
				INFOPLIST_FILE = GrocerTests/Info.plist;
				LD_RUNPATH_SEARCH_PATHS = "$(inherited) @executable_path/Frameworks @loader_path/Frameworks";
				PRODUCT_NAME = "$(TARGET_NAME)";
				TEST_HOST = "$(BUILT_PRODUCTS_DIR)/Grocer.app/Grocer";
			};
			name = Debug;
		};
		3DEE30C61B2413FB00E57DE0 /* Release */ = {
			isa = XCBuildConfiguration;
			buildSettings = {
				BUNDLE_LOADER = "$(TEST_HOST)";
				FRAMEWORK_SEARCH_PATHS = (
					"$(SDKROOT)/Developer/Library/Frameworks",
					"$(inherited)",
				);
				INFOPLIST_FILE = GrocerTests/Info.plist;
				LD_RUNPATH_SEARCH_PATHS = "$(inherited) @executable_path/Frameworks @loader_path/Frameworks";
				PRODUCT_NAME = "$(TARGET_NAME)";
				TEST_HOST = "$(BUILT_PRODUCTS_DIR)/Grocer.app/Grocer";
			};
			name = Release;
		};
/* End XCBuildConfiguration section */

/* Begin XCConfigurationList section */
		3DEE309D1B2413FA00E57DE0 /* Build configuration list for PBXProject "Grocer" */ = {
			isa = XCConfigurationList;
			buildConfigurations = (
				3DEE30BF1B2413FB00E57DE0 /* Debug */,
				3DEE30C01B2413FB00E57DE0 /* Release */,
			);
			defaultConfigurationIsVisible = 0;
			defaultConfigurationName = Release;
		};
		3DEE30C11B2413FB00E57DE0 /* Build configuration list for PBXNativeTarget "Grocer" */ = {
			isa = XCConfigurationList;
			buildConfigurations = (
				3DEE30C21B2413FB00E57DE0 /* Debug */,
				3DEE30C31B2413FB00E57DE0 /* Release */,
			);
			defaultConfigurationIsVisible = 0;
		};
		3DEE30C41B2413FB00E57DE0 /* Build configuration list for PBXNativeTarget "GrocerTests" */ = {
			isa = XCConfigurationList;
			buildConfigurations = (
				3DEE30C51B2413FB00E57DE0 /* Debug */,
				3DEE30C61B2413FB00E57DE0 /* Release */,
			);
			defaultConfigurationIsVisible = 0;
		};
/* End XCConfigurationList section */
	};
	rootObject = 3DEE309A1B2413FA00E57DE0 /* Project object */;
}
